// !$*UTF8*$!
{
	archiveVersion = 1;
	classes = {
	};
	objectVersion = 46;
	objects = {

/* Begin PBXBuildFile section */
		32BC918720D6FDBA000A35CA /* View.xib in Resources */ = {isa = PBXBuildFile; fileRef = 32BC918620D6FDBA000A35CA /* View.xib */; };
		52D6CBEF1F6A3B3100292001 /* AppDelegate.swift in Sources */ = {isa = PBXBuildFile; fileRef = 52D6CBEE1F6A3B3100292001 /* AppDelegate.swift */; };
		52D6CBF41F6A3B3100292001 /* Main.storyboard in Resources */ = {isa = PBXBuildFile; fileRef = 52D6CBF21F6A3B3100292001 /* Main.storyboard */; };
		52D6CBF61F6A3B3100292001 /* Assets.xcassets in Resources */ = {isa = PBXBuildFile; fileRef = 52D6CBF51F6A3B3100292001 /* Assets.xcassets */; };
		52D6CBF91F6A3B3100292001 /* LaunchScreen.storyboard in Resources */ = {isa = PBXBuildFile; fileRef = 52D6CBF71F6A3B3100292001 /* LaunchScreen.storyboard */; };
		52D6CC011F6A3E1400292001 /* XMLParser.swift in Sources */ = {isa = PBXBuildFile; fileRef = 52D6CC001F6A3E1400292001 /* XMLParser.swift */; };
		52D6CC031F6A3E2700292001 /* NewsTableViewCell.swift in Sources */ = {isa = PBXBuildFile; fileRef = 52D6CC021F6A3E2700292001 /* NewsTableViewCell.swift */; };
		52D6CC051F6A3E4000292001 /* NewsTableViewController.swift in Sources */ = {isa = PBXBuildFile; fileRef = 52D6CC041F6A3E4000292001 /* NewsTableViewController.swift */; };
/* End PBXBuildFile section */

/* Begin PBXFileReference section */
		32BC918620D6FDBA000A35CA /* View.xib */ = {isa = PBXFileReference; lastKnownFileType = file.xib; path = View.xib; sourceTree = "<group>"; };
		52D6CBEB1F6A3B3100292001 /* wired.com.app */ = {isa = PBXFileReference; explicitFileType = wrapper.application; includeInIndex = 0; path = wired.com.app; sourceTree = BUILT_PRODUCTS_DIR; };
		52D6CBEE1F6A3B3100292001 /* AppDelegate.swift */ = {isa = PBXFileReference; lastKnownFileType = sourcecode.swift; path = AppDelegate.swift; sourceTree = "<group>"; };
		52D6CBF31F6A3B3100292001 /* Base */ = {isa = PBXFileReference; lastKnownFileType = file.storyboard; name = Base; path = Base.lproj/Main.storyboard; sourceTree = "<group>"; };
		52D6CBF51F6A3B3100292001 /* Assets.xcassets */ = {isa = PBXFileReference; lastKnownFileType = folder.assetcatalog; path = Assets.xcassets; sourceTree = "<group>"; };
		52D6CBF81F6A3B3100292001 /* Base */ = {isa = PBXFileReference; lastKnownFileType = file.storyboard; name = Base; path = Base.lproj/LaunchScreen.storyboard; sourceTree = "<group>"; };
		52D6CBFA1F6A3B3100292001 /* Info.plist */ = {isa = PBXFileReference; lastKnownFileType = text.plist.xml; path = Info.plist; sourceTree = "<group>"; };
		52D6CC001F6A3E1400292001 /* XMLParser.swift */ = {isa = PBXFileReference; fileEncoding = 4; lastKnownFileType = sourcecode.swift; path = XMLParser.swift; sourceTree = "<group>"; };
		52D6CC021F6A3E2700292001 /* NewsTableViewCell.swift */ = {isa = PBXFileReference; fileEncoding = 4; lastKnownFileType = sourcecode.swift; path = NewsTableViewCell.swift; sourceTree = "<group>"; };
		52D6CC041F6A3E4000292001 /* NewsTableViewController.swift */ = {isa = PBXFileReference; fileEncoding = 4; lastKnownFileType = sourcecode.swift; path = NewsTableViewController.swift; sourceTree = "<group>"; };
/* End PBXFileReference section */

/* Begin PBXFrameworksBuildPhase section */
		52D6CBE81F6A3B3100292001 /* Frameworks */ = {
			isa = PBXFrameworksBuildPhase;
			buildActionMask = 2147483647;
			files = (
			);
			runOnlyForDeploymentPostprocessing = 0;
		};
/* End PBXFrameworksBuildPhase section */

/* Begin PBXGroup section */
		52D6CBE21F6A3B3100292001 = {
			isa = PBXGroup;
			children = (
				52D6CBED1F6A3B3100292001 /* DeveloperNews */,
				52D6CBEC1F6A3B3100292001 /* Products */,
			);
			sourceTree = "<group>";
		};
		52D6CBEC1F6A3B3100292001 /* Products */ = {
			isa = PBXGroup;
			children = (
				52D6CBEB1F6A3B3100292001 /* wired.com.app */,
			);
			name = Products;
			sourceTree = "<group>";
		};
		52D6CBED1F6A3B3100292001 /* DeveloperNews */ = {
			isa = PBXGroup;
			children = (
				52D6CBEE1F6A3B3100292001 /* AppDelegate.swift */,
				52D6CC001F6A3E1400292001 /* XMLParser.swift */,
				52D6CC021F6A3E2700292001 /* NewsTableViewCell.swift */,
				52D6CC041F6A3E4000292001 /* NewsTableViewController.swift */,
				52D6CBF21F6A3B3100292001 /* Main.storyboard */,
				32BC918620D6FDBA000A35CA /* View.xib */,
				52D6CBF51F6A3B3100292001 /* Assets.xcassets */,
				52D6CBF71F6A3B3100292001 /* LaunchScreen.storyboard */,
				52D6CBFA1F6A3B3100292001 /* Info.plist */,
			);
			path = DeveloperNews;
			sourceTree = "<group>";
		};
/* End PBXGroup section */

/* Begin PBXNativeTarget section */
		52D6CBEA1F6A3B3100292001 /* wired.com */ = {
			isa = PBXNativeTarget;
			buildConfigurationList = 52D6CBFD1F6A3B3100292001 /* Build configuration list for PBXNativeTarget "wired.com" */;
			buildPhases = (
				52D6CBE71F6A3B3100292001 /* Sources */,
				52D6CBE81F6A3B3100292001 /* Frameworks */,
				52D6CBE91F6A3B3100292001 /* Resources */,
			);
			buildRules = (
			);
			dependencies = (
			);
			name = wired.com;
			productName = DeveloperNews;
			productReference = 52D6CBEB1F6A3B3100292001 /* wired.com.app */;
			productType = "com.apple.product-type.application";
		};
/* End PBXNativeTarget section */

/* Begin PBXProject section */
		52D6CBE31F6A3B3100292001 /* Project object */ = {
			isa = PBXProject;
			attributes = {
				LastSwiftUpdateCheck = 0830;
				LastUpgradeCheck = 0940;
				ORGANIZATIONNAME = "samet alabey";
				TargetAttributes = {
					52D6CBEA1F6A3B3100292001 = {
						CreatedOnToolsVersion = 8.3.2;
						DevelopmentTeam = 593ZXM85A3;
						LastSwiftMigration = 0940;
						ProvisioningStyle = Automatic;
					};
				};
			};
			buildConfigurationList = 52D6CBE61F6A3B3100292001 /* Build configuration list for PBXProject "wired.com" */;
			compatibilityVersion = "Xcode 3.2";
			developmentRegion = English;
			hasScannedForEncodings = 0;
			knownRegions = (
				en,
				Base,
			);
			mainGroup = 52D6CBE21F6A3B3100292001;
			productRefGroup = 52D6CBEC1F6A3B3100292001 /* Products */;
			projectDirPath = "";
			projectRoot = "";
			targets = (
				52D6CBEA1F6A3B3100292001 /* wired.com */,
			);
		};
/* End PBXProject section */

/* Begin PBXResourcesBuildPhase section */
		52D6CBE91F6A3B3100292001 /* Resources */ = {
			isa = PBXResourcesBuildPhase;
			buildActionMask = 2147483647;
			files = (
				32BC918720D6FDBA000A35CA /* View.xib in Resources */,
				52D6CBF91F6A3B3100292001 /* LaunchScreen.storyboard in Resources */,
				52D6CBF61F6A3B3100292001 /* Assets.xcassets in Resources */,
				52D6CBF41F6A3B3100292001 /* Main.storyboard in Resources */,
			);
			runOnlyForDeploymentPostprocessing = 0;
		};
/* End PBXResourcesBuildPhase section */

/* Begin PBXSourcesBuildPhase section */
		52D6CBE71F6A3B3100292001 /* Sources */ = {
			isa = PBXSourcesBuildPhase;
			buildActionMask = 2147483647;
			files = (
				52D6CC051F6A3E4000292001 /* NewsTableViewController.swift in Sources */,
				52D6CC011F6A3E1400292001 /* XMLParser.swift in Sources */,
				52D6CBEF1F6A3B3100292001 /* AppDelegate.swift in Sources */,
				52D6CC031F6A3E2700292001 /* NewsTableViewCell.swift in Sources */,
			);
			runOnlyForDeploymentPostprocessing = 0;
		};
/* End PBXSourcesBuildPhase section */

/* Begin PBXVariantGroup section */
		52D6CBF21F6A3B3100292001 /* Main.storyboard */ = {
			isa = PBXVariantGroup;
			children = (
				52D6CBF31F6A3B3100292001 /* Base */,
			);
			name = Main.storyboard;
			sourceTree = "<group>";
		};
		52D6CBF71F6A3B3100292001 /* LaunchScreen.storyboard */ = {
			isa = PBXVariantGroup;
			children = (
				52D6CBF81F6A3B3100292001 /* Base */,
			);
			name = LaunchScreen.storyboard;
			sourceTree = "<group>";
		};
/* End PBXVariantGroup section */

/* Begin XCBuildConfiguration section */
		52D6CBFB1F6A3B3100292001 /* Debug */ = {
			isa = XCBuildConfiguration;
			buildSettings = {
				ALWAYS_SEARCH_USER_PATHS = NO;
				CLANG_ANALYZER_NONNULL = YES;
				CLANG_ANALYZER_NUMBER_OBJECT_CONVERSION = YES_AGGRESSIVE;
				CLANG_CXX_LANGUAGE_STANDARD = "gnu++0x";
				CLANG_CXX_LIBRARY = "libc++";
				CLANG_ENABLE_MODULES = YES;
				CLANG_ENABLE_OBJC_ARC = YES;
				CLANG_WARN_BLOCK_CAPTURE_AUTORELEASING = YES;
				CLANG_WARN_BOOL_CONVERSION = YES;
				CLANG_WARN_COMMA = YES;
				CLANG_WARN_CONSTANT_CONVERSION = YES;
				CLANG_WARN_DEPRECATED_OBJC_IMPLEMENTATIONS = YES;
				CLANG_WARN_DIRECT_OBJC_ISA_USAGE = YES_ERROR;
				CLANG_WARN_DOCUMENTATION_COMMENTS = YES;
				CLANG_WARN_EMPTY_BODY = YES;
				CLANG_WARN_ENUM_CONVERSION = YES;
				CLANG_WARN_INFINITE_RECURSION = YES;
				CLANG_WARN_INT_CONVERSION = YES;
				CLANG_WARN_NON_LITERAL_NULL_CONVERSION = YES;
				CLANG_WARN_OBJC_IMPLICIT_RETAIN_SELF = YES;
				CLANG_WARN_OBJC_LITERAL_CONVERSION = YES;
				CLANG_WARN_OBJC_ROOT_CLASS = YES_ERROR;
				CLANG_WARN_RANGE_LOOP_ANALYSIS = YES;
				CLANG_WARN_STRICT_PROTOTYPES = YES;
				CLANG_WARN_SUSPICIOUS_MOVE = YES;
				CLANG_WARN_UNREACHABLE_CODE = YES;
				CLANG_WARN__DUPLICATE_METHOD_MATCH = YES;
				"CODE_SIGN_IDENTITY[sdk=iphoneos*]" = "iPhone Developer";
				COPY_PHASE_STRIP = NO;
				DEBUG_INFORMATION_FORMAT = dwarf;
				ENABLE_STRICT_OBJC_MSGSEND = YES;
				ENABLE_TESTABILITY = YES;
				GCC_C_LANGUAGE_STANDARD = gnu99;
				GCC_DYNAMIC_NO_PIC = NO;
				GCC_NO_COMMON_BLOCKS = YES;
				GCC_OPTIMIZATION_LEVEL = 0;
				GCC_PREPROCESSOR_DEFINITIONS = (
					"DEBUG=1",
					"$(inherited)",
				);
				GCC_WARN_64_TO_32_BIT_CONVERSION = YES;
				GCC_WARN_ABOUT_RETURN_TYPE = YES_ERROR;
				GCC_WARN_UNDECLARED_SELECTOR = YES;
				GCC_WARN_UNINITIALIZED_AUTOS = YES_AGGRESSIVE;
				GCC_WARN_UNUSED_FUNCTION = YES;
				GCC_WARN_UNUSED_VARIABLE = YES;
				IPHONEOS_DEPLOYMENT_TARGET = 10.3;
				MTL_ENABLE_DEBUG_INFO = YES;
				ONLY_ACTIVE_ARCH = YES;
				SDKROOT = iphoneos;
				SWIFT_ACTIVE_COMPILATION_CONDITIONS = DEBUG;
				SWIFT_OPTIMIZATION_LEVEL = "-Onone";
			};
			name = Debug;
		};
		52D6CBFC1F6A3B3100292001 /* Release */ = {
			isa = XCBuildConfiguration;
			buildSettings = {
				ALWAYS_SEARCH_USER_PATHS = NO;
				CLANG_ANALYZER_NONNULL = YES;
				CLANG_ANALYZER_NUMBER_OBJECT_CONVERSION = YES_AGGRESSIVE;
				CLANG_CXX_LANGUAGE_STANDARD = "gnu++0x";
				CLANG_CXX_LIBRARY = "libc++";
				CLANG_ENABLE_MODULES = YES;
				CLANG_ENABLE_OBJC_ARC = YES;
				CLANG_WARN_BLOCK_CAPTURE_AUTORELEASING = YES;
				CLANG_WARN_BOOL_CONVERSION = YES;
				CLANG_WARN_COMMA = YES;
				CLANG_WARN_CONSTANT_CONVERSION = YES;
				CLANG_WARN_DEPRECATED_OBJC_IMPLEMENTATIONS = YES;
				CLANG_WARN_DIRECT_OBJC_ISA_USAGE = YES_ERROR;
				CLANG_WARN_DOCUMENTATION_COMMENTS = YES;
				CLANG_WARN_EMPTY_BODY = YES;
				CLANG_WARN_ENUM_CONVERSION = YES;
				CLANG_WARN_INFINITE_RECURSION = YES;
				CLANG_WARN_INT_CONVERSION = YES;
				CLANG_WARN_NON_LITERAL_NULL_CONVERSION = YES;
				CLANG_WARN_OBJC_IMPLICIT_RETAIN_SELF = YES;
				CLANG_WARN_OBJC_LITERAL_CONVERSION = YES;
				CLANG_WARN_OBJC_ROOT_CLASS = YES_ERROR;
				CLANG_WARN_RANGE_LOOP_ANALYSIS = YES;
				CLANG_WARN_STRICT_PROTOTYPES = YES;
				CLANG_WARN_SUSPICIOUS_MOVE = YES;
				CLANG_WARN_UNREACHABLE_CODE = YES;
				CLANG_WARN__DUPLICATE_METHOD_MATCH = YES;
				"CODE_SIGN_IDENTITY[sdk=iphoneos*]" = "iPhone Developer";
				COPY_PHASE_STRIP = NO;
				DEBUG_INFORMATION_FORMAT = "dwarf-with-dsym";
				ENABLE_NS_ASSERTIONS = NO;
				ENABLE_STRICT_OBJC_MSGSEND = YES;
				GCC_C_LANGUAGE_STANDARD = gnu99;
				GCC_NO_COMMON_BLOCKS = YES;
				GCC_WARN_64_TO_32_BIT_CONVERSION = YES;
				GCC_WARN_ABOUT_RETURN_TYPE = YES_ERROR;
				GCC_WARN_UNDECLARED_SELECTOR = YES;
				GCC_WARN_UNINITIALIZED_AUTOS = YES_AGGRESSIVE;
				GCC_WARN_UNUSED_FUNCTION = YES;
				GCC_WARN_UNUSED_VARIABLE = YES;
				IPHONEOS_DEPLOYMENT_TARGET = 10.3;
				MTL_ENABLE_DEBUG_INFO = NO;
				SDKROOT = iphoneos;
				SWIFT_OPTIMIZATION_LEVEL = "-Owholemodule";
				VALIDATE_PRODUCT = YES;
			};
			name = Release;
		};
		52D6CBFE1F6A3B3100292001 /* Debug */ = {
			isa = XCBuildConfiguration;
			buildSettings = {
				ASSETCATALOG_COMPILER_APPICON_NAME = AppIcon;
				DEVELOPMENT_TEAM = 593ZXM85A3;
				INFOPLIST_FILE = DeveloperNews/Info.plist;
				LD_RUNPATH_SEARCH_PATHS = "$(inherited) @executable_path/Frameworks";
				PRODUCT_BUNDLE_IDENTIFIER = "Samet-Alabey";
				PRODUCT_NAME = "$(TARGET_NAME)";
				SWIFT_VERSION = 3.0;
			};
			name = Debug;
		};
		52D6CBFF1F6A3B3100292001 /* Release */ = {
			isa = XCBuildConfiguration;
			buildSettings = {
				ASSETCATALOG_COMPILER_APPICON_NAME = AppIcon;
				DEVELOPMENT_TEAM = 593ZXM85A3;
				INFOPLIST_FILE = DeveloperNews/Info.plist;
				LD_RUNPATH_SEARCH_PATHS = "$(inherited) @executable_path/Frameworks";
				PRODUCT_BUNDLE_IDENTIFIER = "Samet-Alabey";
				PRODUCT_NAME = "$(TARGET_NAME)";
				SWIFT_VERSION = 3.0;
			};
			name = Release;
		};
/* End XCBuildConfiguration section */

/* Begin XCConfigurationList section */
		52D6CBE61F6A3B3100292001 /* Build configuration list for PBXProject "wired.com" */ = {
			isa = XCConfigurationList;
			buildConfigurations = (
				52D6CBFB1F6A3B3100292001 /* Debug */,
				52D6CBFC1F6A3B3100292001 /* Release */,
			);
			defaultConfigurationIsVisible = 0;
			defaultConfigurationName = Release;
		};
		52D6CBFD1F6A3B3100292001 /* Build configuration list for PBXNativeTarget "wired.com" */ = {
			isa = XCConfigurationList;
			buildConfigurations = (
				52D6CBFE1F6A3B3100292001 /* Debug */,
				52D6CBFF1F6A3B3100292001 /* Release */,
			);
			defaultConfigurationIsVisible = 0;
			defaultConfigurationName = Release;
		};
/* End XCConfigurationList section */
	};
	rootObject = 52D6CBE31F6A3B3100292001 /* Project object */;
}
